
Microsoft Visual Studio Solution File, Format Version 12.00
# Visual Studio 15
VisualStudioVersion = 15.0.27130.2027
MinimumVisualStudioVersion = 10.0.40219.1
Project("{9A19103F-16F7-4668-BE54-9A1E7A4F7556}") = "MessagingClient", "MessagingClient\MessagingClient.csproj", "{CC5D8D8E-0111-4962-BBA6-FA715F1D0244}"
EndProject
Global
	GlobalSection(SolutionConfigurationPlatforms) = preSolution
		Debug|Any CPU = Debug|Any CPU
		Release|Any CPU = Release|Any CPU
	EndGlobalSection
	GlobalSection(ProjectConfigurationPlatforms) = postSolution
		{CC5D8D8E-0111-4962-BBA6-FA715F1D0244}.Debug|Any CPU.ActiveCfg = Debug|Any CPU
		{CC5D8D8E-0111-4962-BBA6-FA715F1D0244}.Debug|Any CPU.Build.0 = Debug|Any CPU
		{CC5D8D8E-0111-4962-BBA6-FA715F1D0244}.Release|Any CPU.ActiveCfg = Release|Any CPU
		{CC5D8D8E-0111-4962-BBA6-FA715F1D0244}.Release|Any CPU.Build.0 = Release|Any CPU
	EndGlobalSection
	GlobalSection(SolutionProperties) = preSolution
		HideSolutionNode = FALSE
	EndGlobalSection
	GlobalSection(ExtensibilityGlobals) = postSolution
		SolutionGuid = {58E8E3F0-4BC6-4452-BC9B-E8F9D533D3FC}
	EndGlobalSection
EndGlobal
